{
  "name": "areo.js",
  "version": "0.0.2",
  "lockfileVersion": 1,
  "requires": true,
  "dependencies": {
    "@areojs/events": {
      "version": "1.0.1",
      "resolved": "https://registry.npmjs.org/@areojs/events/-/events-1.0.1.tgz",
      "integrity": "sha512-stQIKMSBAQSfbvMT3TPY7OQmb2JsXjcfm4TJnp5Fjp7egKkyZFUBEHSeWzq2fD8GPYdCBuUVQyG5PJ6qDOltEA=="
    }
  }
}
